
Microsoft Visual Studio Solution File, Format Version 12.00
# Visual Studio 15
VisualStudioVersion = 15.0.27703.2035
MinimumVisualStudioVersion = 10.0.40219.1
Project("{FAE04EC0-301F-11D3-BF4B-00C04F79EFBC}") = "UnitOfWorkFactory", "UnitOfWorkFactory\UnitOfWorkFactory.csproj", "{E7E8AF1B-B696-4281-BCA3-DD0DE1162029}"
EndProject
Project("{FAE04EC0-301F-11D3-BF4B-00C04F79EFBC}") = "UnitOfWorkFactory.Tests", "UnitOfWorkFactory.Tests\UnitOfWorkFactory.Tests.csproj", "{E93D65A7-32C6-4142-8F2F-4E822BFC0A68}"
EndProject
Global
	GlobalSection(SolutionConfigurationPlatforms) = preSolution
		Debug|Any CPU = Debug|Any CPU
		Release|Any CPU = Release|Any CPU
	EndGlobalSection
	GlobalSection(ProjectConfigurationPlatforms) = postSolution
		{E7E8AF1B-B696-4281-BCA3-DD0DE1162029}.Debug|Any CPU.ActiveCfg = Debug|Any CPU
		{E7E8AF1B-B696-4281-BCA3-DD0DE1162029}.Debug|Any CPU.Build.0 = Debug|Any CPU
		{E7E8AF1B-B696-4281-BCA3-DD0DE1162029}.Release|Any CPU.ActiveCfg = Release|Any CPU
		{E7E8AF1B-B696-4281-BCA3-DD0DE1162029}.Release|Any CPU.Build.0 = Release|Any CPU
		{E93D65A7-32C6-4142-8F2F-4E822BFC0A68}.Debug|Any CPU.ActiveCfg = Debug|Any CPU
		{E93D65A7-32C6-4142-8F2F-4E822BFC0A68}.Debug|Any CPU.Build.0 = Debug|Any CPU
		{E93D65A7-32C6-4142-8F2F-4E822BFC0A68}.Release|Any CPU.ActiveCfg = Release|Any CPU
		{E93D65A7-32C6-4142-8F2F-4E822BFC0A68}.Release|Any CPU.Build.0 = Release|Any CPU
	EndGlobalSection
	GlobalSection(SolutionProperties) = preSolution
		HideSolutionNode = FALSE
	EndGlobalSection
	GlobalSection(ExtensibilityGlobals) = postSolution
		SolutionGuid = {B0AF4E2C-14F5-4D57-8963-FEE59F05878A}
	EndGlobalSection
EndGlobal
